// !$*UTF8*$!
{
	archiveVersion = 1;
	classes = {
	};
	objectVersion = 50;
	objects = {

/* Begin PBXBuildFile section */
		09FCFDC1C20A94DC8F0C4327 /* Pods_RxSwiftPractice.framework in Frameworks */ = {isa = PBXBuildFile; fileRef = C0F8CAEB28BE4682E0185724 /* Pods_RxSwiftPractice.framework */; };
		41F10473622CCE8CA9086250 /* Pods_RxSwiftPracticeTests.framework in Frameworks */ = {isa = PBXBuildFile; fileRef = 4AB9BEEE2BA3DF5EB22C2C80 /* Pods_RxSwiftPracticeTests.framework */; };
		E613CCF7226D60C700B31752 /* HomeViewModel.swift in Sources */ = {isa = PBXBuildFile; fileRef = E613CCF6226D60C700B31752 /* HomeViewModel.swift */; };
		E613CCF9226D988B00B31752 /* SimpleRxViewModel.swift in Sources */ = {isa = PBXBuildFile; fileRef = E613CCF8226D988B00B31752 /* SimpleRxViewModel.swift */; };
		E613CCFB226DC89C00B31752 /* PlaylistSongsViewController.swift in Sources */ = {isa = PBXBuildFile; fileRef = E613CCFA226DC89C00B31752 /* PlaylistSongsViewController.swift */; };
		E613CCFE226DCB2500B31752 /* UIScrollView+Rx.swift in Sources */ = {isa = PBXBuildFile; fileRef = E613CCFD226DCB2500B31752 /* UIScrollView+Rx.swift */; };
		E67A8151225DC97F00801D92 /* AppDelegate.swift in Sources */ = {isa = PBXBuildFile; fileRef = E67A8150225DC97F00801D92 /* AppDelegate.swift */; };
		E67A8153225DC97F00801D92 /* ViewController.swift in Sources */ = {isa = PBXBuildFile; fileRef = E67A8152225DC97F00801D92 /* ViewController.swift */; };
		E67A8156225DC97F00801D92 /* Main.storyboard in Resources */ = {isa = PBXBuildFile; fileRef = E67A8154225DC97F00801D92 /* Main.storyboard */; };
		E67A8158225DC98000801D92 /* Assets.xcassets in Resources */ = {isa = PBXBuildFile; fileRef = E67A8157225DC98000801D92 /* Assets.xcassets */; };
		E67A815B225DC98000801D92 /* LaunchScreen.storyboard in Resources */ = {isa = PBXBuildFile; fileRef = E67A8159225DC98000801D92 /* LaunchScreen.storyboard */; };
		E67A8166225DC98100801D92 /* RxSwiftPracticeTests.swift in Sources */ = {isa = PBXBuildFile; fileRef = E67A8165225DC98100801D92 /* RxSwiftPracticeTests.swift */; };
		E67A8171225DD0E400801D92 /* APIEngine.swift in Sources */ = {isa = PBXBuildFile; fileRef = E67A8170225DD0E400801D92 /* APIEngine.swift */; };
		E67A8173225DE54300801D92 /* KKBOX.swift in Sources */ = {isa = PBXBuildFile; fileRef = E67A8172225DE54300801D92 /* KKBOX.swift */; };
/* End PBXBuildFile section */

/* Begin PBXContainerItemProxy section */
		E67A8162225DC98100801D92 /* PBXContainerItemProxy */ = {
			isa = PBXContainerItemProxy;
			containerPortal = E67A8145225DC97F00801D92 /* Project object */;
			proxyType = 1;
			remoteGlobalIDString = E67A814C225DC97F00801D92;
			remoteInfo = RxSwiftPractice;
		};
/* End PBXContainerItemProxy section */

/* Begin PBXFileReference section */
		0F065AEC6F75D5E81E751FEB /* Pods-RxSwiftPracticeTests.release.xcconfig */ = {isa = PBXFileReference; includeInIndex = 1; lastKnownFileType = text.xcconfig; name = "Pods-RxSwiftPracticeTests.release.xcconfig"; path = "Target Support Files/Pods-RxSwiftPracticeTests/Pods-RxSwiftPracticeTests.release.xcconfig"; sourceTree = "<group>"; };
		49CACCAF9855C307AA1DE2D8 /* Pods-RxSwiftPractice.release.xcconfig */ = {isa = PBXFileReference; includeInIndex = 1; lastKnownFileType = text.xcconfig; name = "Pods-RxSwiftPractice.release.xcconfig"; path = "Target Support Files/Pods-RxSwiftPractice/Pods-RxSwiftPractice.release.xcconfig"; sourceTree = "<group>"; };
		4AB9BEEE2BA3DF5EB22C2C80 /* Pods_RxSwiftPracticeTests.framework */ = {isa = PBXFileReference; explicitFileType = wrapper.framework; includeInIndex = 0; path = Pods_RxSwiftPracticeTests.framework; sourceTree = BUILT_PRODUCTS_DIR; };
		89AB7D2F52554C9F68632F7B /* Pods-RxSwiftPracticeTests.debug.xcconfig */ = {isa = PBXFileReference; includeInIndex = 1; lastKnownFileType = text.xcconfig; name = "Pods-RxSwiftPracticeTests.debug.xcconfig"; path = "Target Support Files/Pods-RxSwiftPracticeTests/Pods-RxSwiftPracticeTests.debug.xcconfig"; sourceTree = "<group>"; };
		975D8F5454F794936F887189 /* Pods-RxSwiftPractice.debug.xcconfig */ = {isa = PBXFileReference; includeInIndex = 1; lastKnownFileType = text.xcconfig; name = "Pods-RxSwiftPractice.debug.xcconfig"; path = "Target Support Files/Pods-RxSwiftPractice/Pods-RxSwiftPractice.debug.xcconfig"; sourceTree = "<group>"; };
		C0F8CAEB28BE4682E0185724 /* Pods_RxSwiftPractice.framework */ = {isa = PBXFileReference; explicitFileType = wrapper.framework; includeInIndex = 0; path = Pods_RxSwiftPractice.framework; sourceTree = BUILT_PRODUCTS_DIR; };
		E613CCF6226D60C700B31752 /* HomeViewModel.swift */ = {isa = PBXFileReference; lastKnownFileType = sourcecode.swift; path = HomeViewModel.swift; sourceTree = "<group>"; };
		E613CCF8226D988B00B31752 /* SimpleRxViewModel.swift */ = {isa = PBXFileReference; lastKnownFileType = sourcecode.swift; path = SimpleRxViewModel.swift; sourceTree = "<group>"; };
		E613CCFA226DC89C00B31752 /* PlaylistSongsViewController.swift */ = {isa = PBXFileReference; lastKnownFileType = sourcecode.swift; path = PlaylistSongsViewController.swift; sourceTree = "<group>"; };
		E613CCFD226DCB2500B31752 /* UIScrollView+Rx.swift */ = {isa = PBXFileReference; lastKnownFileType = sourcecode.swift; path = "UIScrollView+Rx.swift"; sourceTree = "<group>"; };
		E67A814D225DC97F00801D92 /* RxSwiftPractice.app */ = {isa = PBXFileReference; explicitFileType = wrapper.application; includeInIndex = 0; path = RxSwiftPractice.app; sourceTree = BUILT_PRODUCTS_DIR; };
		E67A8150225DC97F00801D92 /* AppDelegate.swift */ = {isa = PBXFileReference; lastKnownFileType = sourcecode.swift; path = AppDelegate.swift; sourceTree = "<group>"; };
		E67A8152225DC97F00801D92 /* ViewController.swift */ = {isa = PBXFileReference; lastKnownFileType = sourcecode.swift; path = ViewController.swift; sourceTree = "<group>"; };
		E67A8155225DC97F00801D92 /* Base */ = {isa = PBXFileReference; lastKnownFileType = file.storyboard; name = Base; path = Base.lproj/Main.storyboard; sourceTree = "<group>"; };
		E67A8157225DC98000801D92 /* Assets.xcassets */ = {isa = PBXFileReference; lastKnownFileType = folder.assetcatalog; path = Assets.xcassets; sourceTree = "<group>"; };
		E67A815A225DC98000801D92 /* Base */ = {isa = PBXFileReference; lastKnownFileType = file.storyboard; name = Base; path = Base.lproj/LaunchScreen.storyboard; sourceTree = "<group>"; };
		E67A815C225DC98000801D92 /* Info.plist */ = {isa = PBXFileReference; lastKnownFileType = text.plist.xml; path = Info.plist; sourceTree = "<group>"; };
		E67A8161225DC98100801D92 /* RxSwiftPracticeTests.xctest */ = {isa = PBXFileReference; explicitFileType = wrapper.cfbundle; includeInIndex = 0; path = RxSwiftPracticeTests.xctest; sourceTree = BUILT_PRODUCTS_DIR; };
		E67A8165225DC98100801D92 /* RxSwiftPracticeTests.swift */ = {isa = PBXFileReference; lastKnownFileType = sourcecode.swift; path = RxSwiftPracticeTests.swift; sourceTree = "<group>"; };
		E67A8167225DC98100801D92 /* Info.plist */ = {isa = PBXFileReference; lastKnownFileType = text.plist.xml; path = Info.plist; sourceTree = "<group>"; };
		E67A8170225DD0E400801D92 /* APIEngine.swift */ = {isa = PBXFileReference; lastKnownFileType = sourcecode.swift; name = APIEngine.swift; path = APIEngine/APIEngine.swift; sourceTree = "<group>"; };
		E67A8172225DE54300801D92 /* KKBOX.swift */ = {isa = PBXFileReference; lastKnownFileType = sourcecode.swift; name = KKBOX.swift; path = KKBOX/KKBOX.swift; sourceTree = "<group>"; };
/* End PBXFileReference section */

/* Begin PBXFrameworksBuildPhase section */
		E67A814A225DC97F00801D92 /* Frameworks */ = {
			isa = PBXFrameworksBuildPhase;
			buildActionMask = 2147483647;
			files = (
				09FCFDC1C20A94DC8F0C4327 /* Pods_RxSwiftPractice.framework in Frameworks */,
			);
			runOnlyForDeploymentPostprocessing = 0;
		};
		E67A815E225DC98100801D92 /* Frameworks */ = {
			isa = PBXFrameworksBuildPhase;
			buildActionMask = 2147483647;
			files = (
				41F10473622CCE8CA9086250 /* Pods_RxSwiftPracticeTests.framework in Frameworks */,
			);
			runOnlyForDeploymentPostprocessing = 0;
		};
/* End PBXFrameworksBuildPhase section */

/* Begin PBXGroup section */
		B5B0B753FCD3BC00BCA226DA /* Frameworks */ = {
			isa = PBXGroup;
			children = (
				C0F8CAEB28BE4682E0185724 /* Pods_RxSwiftPractice.framework */,
				4AB9BEEE2BA3DF5EB22C2C80 /* Pods_RxSwiftPracticeTests.framework */,
			);
			name = Frameworks;
			sourceTree = "<group>";
		};
		D7E7FE2323CDD3A82F2CA0B5 /* Pods */ = {
			isa = PBXGroup;
			children = (
				975D8F5454F794936F887189 /* Pods-RxSwiftPractice.debug.xcconfig */,
				49CACCAF9855C307AA1DE2D8 /* Pods-RxSwiftPractice.release.xcconfig */,
				89AB7D2F52554C9F68632F7B /* Pods-RxSwiftPracticeTests.debug.xcconfig */,
				0F065AEC6F75D5E81E751FEB /* Pods-RxSwiftPracticeTests.release.xcconfig */,
			);
			path = Pods;
			sourceTree = "<group>";
		};
		E613CCFC226DCB0F00B31752 /* Extensions */ = {
			isa = PBXGroup;
			children = (
				E613CCFD226DCB2500B31752 /* UIScrollView+Rx.swift */,
			);
			path = Extensions;
			sourceTree = "<group>";
		};
		E67A8144225DC97F00801D92 = {
			isa = PBXGroup;
			children = (
				E67A814F225DC97F00801D92 /* RxSwiftPractice */,
				E67A8164225DC98100801D92 /* RxSwiftPracticeTests */,
				E67A814E225DC97F00801D92 /* Products */,
				D7E7FE2323CDD3A82F2CA0B5 /* Pods */,
				B5B0B753FCD3BC00BCA226DA /* Frameworks */,
			);
			sourceTree = "<group>";
		};
		E67A814E225DC97F00801D92 /* Products */ = {
			isa = PBXGroup;
			children = (
				E67A814D225DC97F00801D92 /* RxSwiftPractice.app */,
				E67A8161225DC98100801D92 /* RxSwiftPracticeTests.xctest */,
			);
			name = Products;
			sourceTree = "<group>";
		};
		E67A814F225DC97F00801D92 /* RxSwiftPractice */ = {
			isa = PBXGroup;
			children = (
				E613CCFC226DCB0F00B31752 /* Extensions */,
				E67A8150225DC97F00801D92 /* AppDelegate.swift */,
				E67A8152225DC97F00801D92 /* ViewController.swift */,
				E613CCF6226D60C700B31752 /* HomeViewModel.swift */,
				E613CCF8226D988B00B31752 /* SimpleRxViewModel.swift */,
				E613CCFA226DC89C00B31752 /* PlaylistSongsViewController.swift */,
				E67A8154225DC97F00801D92 /* Main.storyboard */,
				E67A8157225DC98000801D92 /* Assets.xcassets */,
				E67A8159225DC98000801D92 /* LaunchScreen.storyboard */,
				E67A815C225DC98000801D92 /* Info.plist */,
				E67A8170225DD0E400801D92 /* APIEngine.swift */,
				E67A8172225DE54300801D92 /* KKBOX.swift */,
			);
			path = RxSwiftPractice;
			sourceTree = "<group>";
		};
		E67A8164225DC98100801D92 /* RxSwiftPracticeTests */ = {
			isa = PBXGroup;
			children = (
				E67A8165225DC98100801D92 /* RxSwiftPracticeTests.swift */,
				E67A8167225DC98100801D92 /* Info.plist */,
			);
			path = RxSwiftPracticeTests;
			sourceTree = "<group>";
		};
/* End PBXGroup section */

/* Begin PBXNativeTarget section */
		E67A814C225DC97F00801D92 /* RxSwiftPractice */ = {
			isa = PBXNativeTarget;
			buildConfigurationList = E67A816A225DC98100801D92 /* Build configuration list for PBXNativeTarget "RxSwiftPractice" */;
			buildPhases = (
				2360C24DCA01FDBFD3DE6767 /* [CP] Check Pods Manifest.lock */,
				E67A8149225DC97F00801D92 /* Sources */,
				E67A814A225DC97F00801D92 /* Frameworks */,
				E67A814B225DC97F00801D92 /* Resources */,
				D173C0FC4F6E7EF18F817AE2 /* [CP] Embed Pods Frameworks */,
			);
			buildRules = (
			);
			dependencies = (
			);
			name = RxSwiftPractice;
			productName = RxSwiftPractice;
			productReference = E67A814D225DC97F00801D92 /* RxSwiftPractice.app */;
			productType = "com.apple.product-type.application";
		};
		E67A8160225DC98100801D92 /* RxSwiftPracticeTests */ = {
			isa = PBXNativeTarget;
			buildConfigurationList = E67A816D225DC98100801D92 /* Build configuration list for PBXNativeTarget "RxSwiftPracticeTests" */;
			buildPhases = (
				4B8D70C528D8397CE6221E59 /* [CP] Check Pods Manifest.lock */,
				E67A815D225DC98100801D92 /* Sources */,
				E67A815E225DC98100801D92 /* Frameworks */,
				E67A815F225DC98100801D92 /* Resources */,
			);
			buildRules = (
			);
			dependencies = (
				E67A8163225DC98100801D92 /* PBXTargetDependency */,
			);
			name = RxSwiftPracticeTests;
			productName = RxSwiftPracticeTests;
			productReference = E67A8161225DC98100801D92 /* RxSwiftPracticeTests.xctest */;
			productType = "com.apple.product-type.bundle.unit-test";
		};
/* End PBXNativeTarget section */

/* Begin PBXProject section */
		E67A8145225DC97F00801D92 /* Project object */ = {
			isa = PBXProject;
			attributes = {
				LastSwiftUpdateCheck = 1020;
				LastUpgradeCheck = 1020;
				ORGANIZATIONNAME = Green;
				TargetAttributes = {
					E67A814C225DC97F00801D92 = {
						CreatedOnToolsVersion = 10.2;
					};
					E67A8160225DC98100801D92 = {
						CreatedOnToolsVersion = 10.2;
						TestTargetID = E67A814C225DC97F00801D92;
					};
				};
			};
			buildConfigurationList = E67A8148225DC97F00801D92 /* Build configuration list for PBXProject "RxSwiftPractice" */;
			compatibilityVersion = "Xcode 9.3";
			developmentRegion = en;
			hasScannedForEncodings = 0;
			knownRegions = (
				en,
				Base,
			);
			mainGroup = E67A8144225DC97F00801D92;
			productRefGroup = E67A814E225DC97F00801D92 /* Products */;
			projectDirPath = "";
			projectRoot = "";
			targets = (
				E67A814C225DC97F00801D92 /* RxSwiftPractice */,
				E67A8160225DC98100801D92 /* RxSwiftPracticeTests */,
			);
		};
/* End PBXProject section */

/* Begin PBXResourcesBuildPhase section */
		E67A814B225DC97F00801D92 /* Resources */ = {
			isa = PBXResourcesBuildPhase;
			buildActionMask = 2147483647;
			files = (
				E67A815B225DC98000801D92 /* LaunchScreen.storyboard in Resources */,
				E67A8158225DC98000801D92 /* Assets.xcassets in Resources */,
				E67A8156225DC97F00801D92 /* Main.storyboard in Resources */,
			);
			runOnlyForDeploymentPostprocessing = 0;
		};
		E67A815F225DC98100801D92 /* Resources */ = {
			isa = PBXResourcesBuildPhase;
			buildActionMask = 2147483647;
			files = (
			);
			runOnlyForDeploymentPostprocessing = 0;
		};
/* End PBXResourcesBuildPhase section */

/* Begin PBXShellScriptBuildPhase section */
		2360C24DCA01FDBFD3DE6767 /* [CP] Check Pods Manifest.lock */ = {
			isa = PBXShellScriptBuildPhase;
			buildActionMask = 2147483647;
			files = (
			);
			inputFileListPaths = (
			);
			inputPaths = (
				"${PODS_PODFILE_DIR_PATH}/Podfile.lock",
				"${PODS_ROOT}/Manifest.lock",
			);
			name = "[CP] Check Pods Manifest.lock";
			outputFileListPaths = (
			);
			outputPaths = (
				"$(DERIVED_FILE_DIR)/Pods-RxSwiftPractice-checkManifestLockResult.txt",
			);
			runOnlyForDeploymentPostprocessing = 0;
			shellPath = /bin/sh;
			shellScript = "diff \"${PODS_PODFILE_DIR_PATH}/Podfile.lock\" \"${PODS_ROOT}/Manifest.lock\" > /dev/null\nif [ $? != 0 ] ; then\n    # print error to STDERR\n    echo \"error: The sandbox is not in sync with the Podfile.lock. Run 'pod install' or update your CocoaPods installation.\" >&2\n    exit 1\nfi\n# This output is used by Xcode 'outputs' to avoid re-running this script phase.\necho \"SUCCESS\" > \"${SCRIPT_OUTPUT_FILE_0}\"\n";
			showEnvVarsInLog = 0;
		};
		4B8D70C528D8397CE6221E59 /* [CP] Check Pods Manifest.lock */ = {
			isa = PBXShellScriptBuildPhase;
			buildActionMask = 2147483647;
			files = (
			);
			inputFileListPaths = (
			);
			inputPaths = (
				"${PODS_PODFILE_DIR_PATH}/Podfile.lock",
				"${PODS_ROOT}/Manifest.lock",
			);
			name = "[CP] Check Pods Manifest.lock";
			outputFileListPaths = (
			);
			outputPaths = (
				"$(DERIVED_FILE_DIR)/Pods-RxSwiftPracticeTests-checkManifestLockResult.txt",
			);
			runOnlyForDeploymentPostprocessing = 0;
			shellPath = /bin/sh;
			shellScript = "diff \"${PODS_PODFILE_DIR_PATH}/Podfile.lock\" \"${PODS_ROOT}/Manifest.lock\" > /dev/null\nif [ $? != 0 ] ; then\n    # print error to STDERR\n    echo \"error: The sandbox is not in sync with the Podfile.lock. Run 'pod install' or update your CocoaPods installation.\" >&2\n    exit 1\nfi\n# This output is used by Xcode 'outputs' to avoid re-running this script phase.\necho \"SUCCESS\" > \"${SCRIPT_OUTPUT_FILE_0}\"\n";
			showEnvVarsInLog = 0;
		};
		D173C0FC4F6E7EF18F817AE2 /* [CP] Embed Pods Frameworks */ = {
			isa = PBXShellScriptBuildPhase;
			buildActionMask = 2147483647;
			files = (
			);
			inputFileListPaths = (
			);
			inputPaths = (
				"${PODS_ROOT}/Target Support Files/Pods-RxSwiftPractice/Pods-RxSwiftPractice-frameworks.sh",
				"${BUILT_PRODUCTS_DIR}/RxCocoa/RxCocoa.framework",
				"${BUILT_PRODUCTS_DIR}/RxSwift/RxSwift.framework",
				"${BUILT_PRODUCTS_DIR}/SnapKit/SnapKit.framework",
			);
			name = "[CP] Embed Pods Frameworks";
			outputFileListPaths = (
			);
			outputPaths = (
				"${TARGET_BUILD_DIR}/${FRAMEWORKS_FOLDER_PATH}/RxCocoa.framework",
				"${TARGET_BUILD_DIR}/${FRAMEWORKS_FOLDER_PATH}/RxSwift.framework",
				"${TARGET_BUILD_DIR}/${FRAMEWORKS_FOLDER_PATH}/SnapKit.framework",
			);
			runOnlyForDeploymentPostprocessing = 0;
			shellPath = /bin/sh;
			shellScript = "\"${PODS_ROOT}/Target Support Files/Pods-RxSwiftPractice/Pods-RxSwiftPractice-frameworks.sh\"\n";
			showEnvVarsInLog = 0;
		};
/* End PBXShellScriptBuildPhase section */

/* Begin PBXSourcesBuildPhase section */
		E67A8149225DC97F00801D92 /* Sources */ = {
			isa = PBXSourcesBuildPhase;
			buildActionMask = 2147483647;
			files = (
				E67A8153225DC97F00801D92 /* ViewController.swift in Sources */,
				E67A8173225DE54300801D92 /* KKBOX.swift in Sources */,
				E67A8171225DD0E400801D92 /* APIEngine.swift in Sources */,
				E613CCF7226D60C700B31752 /* HomeViewModel.swift in Sources */,
				E613CCF9226D988B00B31752 /* SimpleRxViewModel.swift in Sources */,
				E613CCFE226DCB2500B31752 /* UIScrollView+Rx.swift in Sources */,
				E67A8151225DC97F00801D92 /* AppDelegate.swift in Sources */,
				E613CCFB226DC89C00B31752 /* PlaylistSongsViewController.swift in Sources */,
			);
			runOnlyForDeploymentPostprocessing = 0;
		};
		E67A815D225DC98100801D92 /* Sources */ = {
			isa = PBXSourcesBuildPhase;
			buildActionMask = 2147483647;
			files = (
				E67A8166225DC98100801D92 /* RxSwiftPracticeTests.swift in Sources */,
			);
			runOnlyForDeploymentPostprocessing = 0;
		};
/* End PBXSourcesBuildPhase section */

/* Begin PBXTargetDependency section */
		E67A8163225DC98100801D92 /* PBXTargetDependency */ = {
			isa = PBXTargetDependency;
			target = E67A814C225DC97F00801D92 /* RxSwiftPractice */;
			targetProxy = E67A8162225DC98100801D92 /* PBXContainerItemProxy */;
		};
/* End PBXTargetDependency section */

/* Begin PBXVariantGroup section */
		E67A8154225DC97F00801D92 /* Main.storyboard */ = {
			isa = PBXVariantGroup;
			children = (
				E67A8155225DC97F00801D92 /* Base */,
			);
			name = Main.storyboard;
			sourceTree = "<group>";
		};
		E67A8159225DC98000801D92 /* LaunchScreen.storyboard */ = {
			isa = PBXVariantGroup;
			children = (
				E67A815A225DC98000801D92 /* Base */,
			);
			name = LaunchScreen.storyboard;
			sourceTree = "<group>";
		};
/* End PBXVariantGroup section */

/* Begin XCBuildConfiguration section */
		E67A8168225DC98100801D92 /* Debug */ = {
			isa = XCBuildConfiguration;
			buildSettings = {
				ALWAYS_SEARCH_USER_PATHS = NO;
				CLANG_ANALYZER_NONNULL = YES;
				CLANG_ANALYZER_NUMBER_OBJECT_CONVERSION = YES_AGGRESSIVE;
				CLANG_CXX_LANGUAGE_STANDARD = "gnu++14";
				CLANG_CXX_LIBRARY = "libc++";
				CLANG_ENABLE_MODULES = YES;
				CLANG_ENABLE_OBJC_ARC = YES;
				CLANG_ENABLE_OBJC_WEAK = YES;
				CLANG_WARN_BLOCK_CAPTURE_AUTORELEASING = YES;
				CLANG_WARN_BOOL_CONVERSION = YES;
				CLANG_WARN_COMMA = YES;
				CLANG_WARN_CONSTANT_CONVERSION = YES;
				CLANG_WARN_DEPRECATED_OBJC_IMPLEMENTATIONS = YES;
				CLANG_WARN_DIRECT_OBJC_ISA_USAGE = YES_ERROR;
				CLANG_WARN_DOCUMENTATION_COMMENTS = YES;
				CLANG_WARN_EMPTY_BODY = YES;
				CLANG_WARN_ENUM_CONVERSION = YES;
				CLANG_WARN_INFINITE_RECURSION = YES;
				CLANG_WARN_INT_CONVERSION = YES;
				CLANG_WARN_NON_LITERAL_NULL_CONVERSION = YES;
				CLANG_WARN_OBJC_IMPLICIT_RETAIN_SELF = YES;
				CLANG_WARN_OBJC_LITERAL_CONVERSION = YES;
				CLANG_WARN_OBJC_ROOT_CLASS = YES_ERROR;
				CLANG_WARN_RANGE_LOOP_ANALYSIS = YES;
				CLANG_WARN_STRICT_PROTOTYPES = YES;
				CLANG_WARN_SUSPICIOUS_MOVE = YES;
				CLANG_WARN_UNGUARDED_AVAILABILITY = YES_AGGRESSIVE;
				CLANG_WARN_UNREACHABLE_CODE = YES;
				CLANG_WARN__DUPLICATE_METHOD_MATCH = YES;
				CODE_SIGN_IDENTITY = "iPhone Developer";
				COPY_PHASE_STRIP = NO;
				DEBUG_INFORMATION_FORMAT = dwarf;
				ENABLE_STRICT_OBJC_MSGSEND = YES;
				ENABLE_TESTABILITY = YES;
				GCC_C_LANGUAGE_STANDARD = gnu11;
				GCC_DYNAMIC_NO_PIC = NO;
				GCC_NO_COMMON_BLOCKS = YES;
				GCC_OPTIMIZATION_LEVEL = 0;
				GCC_PREPROCESSOR_DEFINITIONS = (
					"DEBUG=1",
					"$(inherited)",
				);
				GCC_WARN_64_TO_32_BIT_CONVERSION = YES;
				GCC_WARN_ABOUT_RETURN_TYPE = YES_ERROR;
				GCC_WARN_UNDECLARED_SELECTOR = YES;
				GCC_WARN_UNINITIALIZED_AUTOS = YES_AGGRESSIVE;
				GCC_WARN_UNUSED_FUNCTION = YES;
				GCC_WARN_UNUSED_VARIABLE = YES;
				IPHONEOS_DEPLOYMENT_TARGET = 12.2;
				MTL_ENABLE_DEBUG_INFO = INCLUDE_SOURCE;
				MTL_FAST_MATH = YES;
				ONLY_ACTIVE_ARCH = YES;
				SDKROOT = iphoneos;
				SWIFT_ACTIVE_COMPILATION_CONDITIONS = DEBUG;
				SWIFT_OPTIMIZATION_LEVEL = "-Onone";
			};
			name = Debug;
		};
		E67A8169225DC98100801D92 /* Release */ = {
			isa = XCBuildConfiguration;
			buildSettings = {
				ALWAYS_SEARCH_USER_PATHS = NO;
				CLANG_ANALYZER_NONNULL = YES;
				CLANG_ANALYZER_NUMBER_OBJECT_CONVERSION = YES_AGGRESSIVE;
				CLANG_CXX_LANGUAGE_STANDARD = "gnu++14";
				CLANG_CXX_LIBRARY = "libc++";
				CLANG_ENABLE_MODULES = YES;
				CLANG_ENABLE_OBJC_ARC = YES;
				CLANG_ENABLE_OBJC_WEAK = YES;
				CLANG_WARN_BLOCK_CAPTURE_AUTORELEASING = YES;
				CLANG_WARN_BOOL_CONVERSION = YES;
				CLANG_WARN_COMMA = YES;
				CLANG_WARN_CONSTANT_CONVERSION = YES;
				CLANG_WARN_DEPRECATED_OBJC_IMPLEMENTATIONS = YES;
				CLANG_WARN_DIRECT_OBJC_ISA_USAGE = YES_ERROR;
				CLANG_WARN_DOCUMENTATION_COMMENTS = YES;
				CLANG_WARN_EMPTY_BODY = YES;
				CLANG_WARN_ENUM_CONVERSION = YES;
				CLANG_WARN_INFINITE_RECURSION = YES;
				CLANG_WARN_INT_CONVERSION = YES;
				CLANG_WARN_NON_LITERAL_NULL_CONVERSION = YES;
				CLANG_WARN_OBJC_IMPLICIT_RETAIN_SELF = YES;
				CLANG_WARN_OBJC_LITERAL_CONVERSION = YES;
				CLANG_WARN_OBJC_ROOT_CLASS = YES_ERROR;
				CLANG_WARN_RANGE_LOOP_ANALYSIS = YES;
				CLANG_WARN_STRICT_PROTOTYPES = YES;
				CLANG_WARN_SUSPICIOUS_MOVE = YES;
				CLANG_WARN_UNGUARDED_AVAILABILITY = YES_AGGRESSIVE;
				CLANG_WARN_UNREACHABLE_CODE = YES;
				CLANG_WARN__DUPLICATE_METHOD_MATCH = YES;
				CODE_SIGN_IDENTITY = "iPhone Developer";
				COPY_PHASE_STRIP = NO;
				DEBUG_INFORMATION_FORMAT = "dwarf-with-dsym";
				ENABLE_NS_ASSERTIONS = NO;
				ENABLE_STRICT_OBJC_MSGSEND = YES;
				GCC_C_LANGUAGE_STANDARD = gnu11;
				GCC_NO_COMMON_BLOCKS = YES;
				GCC_WARN_64_TO_32_BIT_CONVERSION = YES;
				GCC_WARN_ABOUT_RETURN_TYPE = YES_ERROR;
				GCC_WARN_UNDECLARED_SELECTOR = YES;
				GCC_WARN_UNINITIALIZED_AUTOS = YES_AGGRESSIVE;
				GCC_WARN_UNUSED_FUNCTION = YES;
				GCC_WARN_UNUSED_VARIABLE = YES;
				IPHONEOS_DEPLOYMENT_TARGET = 12.2;
				MTL_ENABLE_DEBUG_INFO = NO;
				MTL_FAST_MATH = YES;
				SDKROOT = iphoneos;
				SWIFT_COMPILATION_MODE = wholemodule;
				SWIFT_OPTIMIZATION_LEVEL = "-O";
				VALIDATE_PRODUCT = YES;
			};
			name = Release;
		};
		E67A816B225DC98100801D92 /* Debug */ = {
			isa = XCBuildConfiguration;
			baseConfigurationReference = 975D8F5454F794936F887189 /* Pods-RxSwiftPractice.debug.xcconfig */;
			buildSettings = {
				ASSETCATALOG_COMPILER_APPICON_NAME = AppIcon;
				CODE_SIGN_STYLE = Automatic;
				DEVELOPMENT_TEAM = 9MSX2BCKGP;
				INFOPLIST_FILE = RxSwiftPractice/Info.plist;
				LD_RUNPATH_SEARCH_PATHS = (
					"$(inherited)",
					"@executable_path/Frameworks",
				);
				PRODUCT_BUNDLE_IDENTIFIER = com.greenchiu.RxSwiftPractice;
				PRODUCT_NAME = "$(TARGET_NAME)";
				SWIFT_VERSION = 5.0;
				TARGETED_DEVICE_FAMILY = "1,2";
			};
			name = Debug;
		};
		E67A816C225DC98100801D92 /* Release */ = {
			isa = XCBuildConfiguration;
			baseConfigurationReference = 49CACCAF9855C307AA1DE2D8 /* Pods-RxSwiftPractice.release.xcconfig */;
			buildSettings = {
				ASSETCATALOG_COMPILER_APPICON_NAME = AppIcon;
				CODE_SIGN_STYLE = Automatic;
				DEVELOPMENT_TEAM = 9MSX2BCKGP;
				INFOPLIST_FILE = RxSwiftPractice/Info.plist;
				LD_RUNPATH_SEARCH_PATHS = (
					"$(inherited)",
					"@executable_path/Frameworks",
				);
				PRODUCT_BUNDLE_IDENTIFIER = com.greenchiu.RxSwiftPractice;
				PRODUCT_NAME = "$(TARGET_NAME)";
				SWIFT_VERSION = 5.0;
				TARGETED_DEVICE_FAMILY = "1,2";
			};
			name = Release;
		};
		E67A816E225DC98100801D92 /* Debug */ = {
			isa = XCBuildConfiguration;
			baseConfigurationReference = 89AB7D2F52554C9F68632F7B /* Pods-RxSwiftPracticeTests.debug.xcconfig */;
			buildSettings = {
				ALWAYS_EMBED_SWIFT_STANDARD_LIBRARIES = YES;
				BUNDLE_LOADER = "$(TEST_HOST)";
				CODE_SIGN_STYLE = Automatic;
				DEVELOPMENT_TEAM = 9MSX2BCKGP;
				INFOPLIST_FILE = RxSwiftPracticeTests/Info.plist;
				LD_RUNPATH_SEARCH_PATHS = (
					"$(inherited)",
					"@executable_path/Frameworks",
					"@loader_path/Frameworks",
				);
				PRODUCT_BUNDLE_IDENTIFIER = com.greenchiu.RxSwiftPracticeTests;
				PRODUCT_NAME = "$(TARGET_NAME)";
				SWIFT_VERSION = 5.0;
				TARGETED_DEVICE_FAMILY = "1,2";
				TEST_HOST = "$(BUILT_PRODUCTS_DIR)/RxSwiftPractice.app/RxSwiftPractice";
			};
			name = Debug;
		};
		E67A816F225DC98100801D92 /* Release */ = {
			isa = XCBuildConfiguration;
			baseConfigurationReference = 0F065AEC6F75D5E81E751FEB /* Pods-RxSwiftPracticeTests.release.xcconfig */;
			buildSettings = {
				ALWAYS_EMBED_SWIFT_STANDARD_LIBRARIES = YES;
				BUNDLE_LOADER = "$(TEST_HOST)";
				CODE_SIGN_STYLE = Automatic;
				DEVELOPMENT_TEAM = 9MSX2BCKGP;
				INFOPLIST_FILE = RxSwiftPracticeTests/Info.plist;
				LD_RUNPATH_SEARCH_PATHS = (
					"$(inherited)",
					"@executable_path/Frameworks",
					"@loader_path/Frameworks",
				);
				PRODUCT_BUNDLE_IDENTIFIER = com.greenchiu.RxSwiftPracticeTests;
				PRODUCT_NAME = "$(TARGET_NAME)";
				SWIFT_VERSION = 5.0;
				TARGETED_DEVICE_FAMILY = "1,2";
				TEST_HOST = "$(BUILT_PRODUCTS_DIR)/RxSwiftPractice.app/RxSwiftPractice";
			};
			name = Release;
		};
/* End XCBuildConfiguration section */

/* Begin XCConfigurationList section */
		E67A8148225DC97F00801D92 /* Build configuration list for PBXProject "RxSwiftPractice" */ = {
			isa = XCConfigurationList;
			buildConfigurations = (
				E67A8168225DC98100801D92 /* Debug */,
				E67A8169225DC98100801D92 /* Release */,
			);
			defaultConfigurationIsVisible = 0;
			defaultConfigurationName = Release;
		};
		E67A816A225DC98100801D92 /* Build configuration list for PBXNativeTarget "RxSwiftPractice" */ = {
			isa = XCConfigurationList;
			buildConfigurations = (
				E67A816B225DC98100801D92 /* Debug */,
				E67A816C225DC98100801D92 /* Release */,
			);
			defaultConfigurationIsVisible = 0;
			defaultConfigurationName = Release;
		};
		E67A816D225DC98100801D92 /* Build configuration list for PBXNativeTarget "RxSwiftPracticeTests" */ = {
			isa = XCConfigurationList;
			buildConfigurations = (
				E67A816E225DC98100801D92 /* Debug */,
				E67A816F225DC98100801D92 /* Release */,
			);
			defaultConfigurationIsVisible = 0;
			defaultConfigurationName = Release;
		};
/* End XCConfigurationList section */
	};
	rootObject = E67A8145225DC97F00801D92 /* Project object */;
}
